
Microsoft Visual Studio Solution File, Format Version 12.00
# Visual Studio Version 17
VisualStudioVersion = 17.9.34616.47
MinimumVisualStudioVersion = 10.0.40219.1
Project("{FAE04EC0-301F-11D3-BF4B-00C04F79EFBC}") = "MyLibrary", "MyLibrary\MyLibrary.csproj", "{B39CC0E3-4805-496C-ACF2-547A3A4331BF}"
EndProject
Global
	GlobalSection(SolutionConfigurationPlatforms) = preSolution
		Debug|Any CPU = Debug|Any CPU
		Release|Any CPU = Release|Any CPU
	EndGlobalSection
	GlobalSection(ProjectConfigurationPlatforms) = postSolution
		{B39CC0E3-4805-496C-ACF2-547A3A4331BF}.Debug|Any CPU.ActiveCfg = Debug|Any CPU
		{B39CC0E3-4805-496C-ACF2-547A3A4331BF}.Debug|Any CPU.Build.0 = Debug|Any CPU
		{B39CC0E3-4805-496C-ACF2-547A3A4331BF}.Release|Any CPU.ActiveCfg = Release|Any CPU
		{B39CC0E3-4805-496C-ACF2-547A3A4331BF}.Release|Any CPU.Build.0 = Release|Any CPU
	EndGlobalSection
	GlobalSection(SolutionProperties) = preSolution
		HideSolutionNode = FALSE
	EndGlobalSection
	GlobalSection(ExtensibilityGlobals) = postSolution
		SolutionGuid = {B154907F-1197-47FD-A693-AC62DE7AD9AE}
	EndGlobalSection
EndGlobal
